
Microsoft Visual Studio Solution File, Format Version 12.00
# Visual Studio Version 16
VisualStudioVersion = 16.0.29521.150
MinimumVisualStudioVersion = 10.0.40219.1
Project("{9A19103F-16F7-4668-BE54-9A1E7A4F7556}") = "Telegram.Bot.Examples.Echo", "Telegram.Bot.Examples.Echo\Telegram.Bot.Examples.Echo.csproj", "{3AFF460B-0963-406C-8A57-29D9323BD206}"
EndProject
Project("{FAE04EC0-301F-11D3-BF4B-00C04F79EFBC}") = "Telegram.Bot.Examples.WebHook", "Telegram.Bot.Examples.WebHook\Telegram.Bot.Examples.WebHook.csproj", "{97C91678-4323-4C99-81AD-AFF3C862CE8D}"
EndProject
Project("{9A19103F-16F7-4668-BE54-9A1E7A4F7556}") = "Telegram.Bot.Examples.DotNetCoreWebHook", "Telegram.Bot.Examples.DotNetCoreWebHook\Telegram.Bot.Examples.DotNetCoreWebHook.csproj", "{A17D178C-CF08-4071-9288-4BBD17218C09}"
EndProject
Project("{FAE04EC0-301F-11D3-BF4B-00C04F79EFBC}") = "Telegram.Bot.Examples.Polling", "Telegram.Bot.Examples.Polling\Telegram.Bot.Examples.Polling.csproj", "{55EFEE22-4539-4AB0-98B3-FC2ABEC1EFA8}"
EndProject
Global
	GlobalSection(SolutionConfigurationPlatforms) = preSolution
		Debug|Any CPU = Debug|Any CPU
		Debug|ARM = Debug|ARM
		Debug|x64 = Debug|x64
		Debug|x86 = Debug|x86
		Release|Any CPU = Release|Any CPU
		Release|ARM = Release|ARM
		Release|x64 = Release|x64
		Release|x86 = Release|x86
	EndGlobalSection
	GlobalSection(ProjectConfigurationPlatforms) = postSolution
		{3AFF460B-0963-406C-8A57-29D9323BD206}.Debug|Any CPU.ActiveCfg = Debug|Any CPU
		{3AFF460B-0963-406C-8A57-29D9323BD206}.Debug|Any CPU.Build.0 = Debug|Any CPU
		{3AFF460B-0963-406C-8A57-29D9323BD206}.Debug|ARM.ActiveCfg = Debug|Any CPU
		{3AFF460B-0963-406C-8A57-29D9323BD206}.Debug|ARM.Build.0 = Debug|Any CPU
		{3AFF460B-0963-406C-8A57-29D9323BD206}.Debug|x64.ActiveCfg = Debug|Any CPU
		{3AFF460B-0963-406C-8A57-29D9323BD206}.Debug|x64.Build.0 = Debug|Any CPU
		{3AFF460B-0963-406C-8A57-29D9323BD206}.Debug|x86.ActiveCfg = Debug|Any CPU
		{3AFF460B-0963-406C-8A57-29D9323BD206}.Debug|x86.Build.0 = Debug|Any CPU
		{3AFF460B-0963-406C-8A57-29D9323BD206}.Release|Any CPU.ActiveCfg = Release|Any CPU
		{3AFF460B-0963-406C-8A57-29D9323BD206}.Release|Any CPU.Build.0 = Release|Any CPU
		{3AFF460B-0963-406C-8A57-29D9323BD206}.Release|ARM.ActiveCfg = Release|Any CPU
		{3AFF460B-0963-406C-8A57-29D9323BD206}.Release|ARM.Build.0 = Release|Any CPU
		{3AFF460B-0963-406C-8A57-29D9323BD206}.Release|x64.ActiveCfg = Release|Any CPU
		{3AFF460B-0963-406C-8A57-29D9323BD206}.Release|x64.Build.0 = Release|Any CPU
		{3AFF460B-0963-406C-8A57-29D9323BD206}.Release|x86.ActiveCfg = Release|Any CPU
		{3AFF460B-0963-406C-8A57-29D9323BD206}.Release|x86.Build.0 = Release|Any CPU
		{97C91678-4323-4C99-81AD-AFF3C862CE8D}.Debug|Any CPU.ActiveCfg = Debug|Any CPU
		{97C91678-4323-4C99-81AD-AFF3C862CE8D}.Debug|Any CPU.Build.0 = Debug|Any CPU
		{97C91678-4323-4C99-81AD-AFF3C862CE8D}.Debug|ARM.ActiveCfg = Debug|Any CPU
		{97C91678-4323-4C99-81AD-AFF3C862CE8D}.Debug|ARM.Build.0 = Debug|Any CPU
		{97C91678-4323-4C99-81AD-AFF3C862CE8D}.Debug|x64.ActiveCfg = Debug|Any CPU
		{97C91678-4323-4C99-81AD-AFF3C862CE8D}.Debug|x64.Build.0 = Debug|Any CPU
		{97C91678-4323-4C99-81AD-AFF3C862CE8D}.Debug|x86.ActiveCfg = Debug|Any CPU
		{97C91678-4323-4C99-81AD-AFF3C862CE8D}.Debug|x86.Build.0 = Debug|Any CPU
		{97C91678-4323-4C99-81AD-AFF3C862CE8D}.Release|Any CPU.ActiveCfg = Release|Any CPU
		{97C91678-4323-4C99-81AD-AFF3C862CE8D}.Release|Any CPU.Build.0 = Release|Any CPU
		{97C91678-4323-4C99-81AD-AFF3C862CE8D}.Release|ARM.ActiveCfg = Release|Any CPU
		{97C91678-4323-4C99-81AD-AFF3C862CE8D}.Release|ARM.Build.0 = Release|Any CPU
		{97C91678-4323-4C99-81AD-AFF3C862CE8D}.Release|x64.ActiveCfg = Release|Any CPU
		{97C91678-4323-4C99-81AD-AFF3C862CE8D}.Release|x64.Build.0 = Release|Any CPU
		{97C91678-4323-4C99-81AD-AFF3C862CE8D}.Release|x86.ActiveCfg = Release|Any CPU
		{97C91678-4323-4C99-81AD-AFF3C862CE8D}.Release|x86.Build.0 = Release|Any CPU
		{A17D178C-CF08-4071-9288-4BBD17218C09}.Debug|Any CPU.ActiveCfg = Debug|Any CPU
		{A17D178C-CF08-4071-9288-4BBD17218C09}.Debug|Any CPU.Build.0 = Debug|Any CPU
		{A17D178C-CF08-4071-9288-4BBD17218C09}.Debug|ARM.ActiveCfg = Debug|Any CPU
		{A17D178C-CF08-4071-9288-4BBD17218C09}.Debug|ARM.Build.0 = Debug|Any CPU
		{A17D178C-CF08-4071-9288-4BBD17218C09}.Debug|x64.ActiveCfg = Debug|Any CPU
		{A17D178C-CF08-4071-9288-4BBD17218C09}.Debug|x64.Build.0 = Debug|Any CPU
		{A17D178C-CF08-4071-9288-4BBD17218C09}.Debug|x86.ActiveCfg = Debug|Any CPU
		{A17D178C-CF08-4071-9288-4BBD17218C09}.Debug|x86.Build.0 = Debug|Any CPU
		{A17D178C-CF08-4071-9288-4BBD17218C09}.Release|Any CPU.ActiveCfg = Release|Any CPU
		{A17D178C-CF08-4071-9288-4BBD17218C09}.Release|Any CPU.Build.0 = Release|Any CPU
		{A17D178C-CF08-4071-9288-4BBD17218C09}.Release|ARM.ActiveCfg = Release|Any CPU
		{A17D178C-CF08-4071-9288-4BBD17218C09}.Release|ARM.Build.0 = Release|Any CPU
		{A17D178C-CF08-4071-9288-4BBD17218C09}.Release|x64.ActiveCfg = Release|Any CPU
		{A17D178C-CF08-4071-9288-4BBD17218C09}.Release|x64.Build.0 = Release|Any CPU
		{A17D178C-CF08-4071-9288-4BBD17218C09}.Release|x86.ActiveCfg = Release|Any CPU
		{A17D178C-CF08-4071-9288-4BBD17218C09}.Release|x86.Build.0 = Release|Any CPU
		{55EFEE22-4539-4AB0-98B3-FC2ABEC1EFA8}.Debug|Any CPU.ActiveCfg = Debug|Any CPU
		{55EFEE22-4539-4AB0-98B3-FC2ABEC1EFA8}.Debug|Any CPU.Build.0 = Debug|Any CPU
		{55EFEE22-4539-4AB0-98B3-FC2ABEC1EFA8}.Debug|ARM.ActiveCfg = Debug|Any CPU
		{55EFEE22-4539-4AB0-98B3-FC2ABEC1EFA8}.Debug|ARM.Build.0 = Debug|Any CPU
		{55EFEE22-4539-4AB0-98B3-FC2ABEC1EFA8}.Debug|x64.ActiveCfg = Debug|Any CPU
		{55EFEE22-4539-4AB0-98B3-FC2ABEC1EFA8}.Debug|x64.Build.0 = Debug|Any CPU
		{55EFEE22-4539-4AB0-98B3-FC2ABEC1EFA8}.Debug|x86.ActiveCfg = Debug|Any CPU
		{55EFEE22-4539-4AB0-98B3-FC2ABEC1EFA8}.Debug|x86.Build.0 = Debug|Any CPU
		{55EFEE22-4539-4AB0-98B3-FC2ABEC1EFA8}.Release|Any CPU.ActiveCfg = Release|Any CPU
		{55EFEE22-4539-4AB0-98B3-FC2ABEC1EFA8}.Release|Any CPU.Build.0 = Release|Any CPU
		{55EFEE22-4539-4AB0-98B3-FC2ABEC1EFA8}.Release|ARM.ActiveCfg = Release|Any CPU
		{55EFEE22-4539-4AB0-98B3-FC2ABEC1EFA8}.Release|ARM.Build.0 = Release|Any CPU
		{55EFEE22-4539-4AB0-98B3-FC2ABEC1EFA8}.Release|x64.ActiveCfg = Release|Any CPU
		{55EFEE22-4539-4AB0-98B3-FC2ABEC1EFA8}.Release|x64.Build.0 = Release|Any CPU
		{55EFEE22-4539-4AB0-98B3-FC2ABEC1EFA8}.Release|x86.ActiveCfg = Release|Any CPU
		{55EFEE22-4539-4AB0-98B3-FC2ABEC1EFA8}.Release|x86.Build.0 = Release|Any CPU
	EndGlobalSection
	GlobalSection(SolutionProperties) = preSolution
		HideSolutionNode = FALSE
	EndGlobalSection
	GlobalSection(ExtensibilityGlobals) = postSolution
		SolutionGuid = {46479B38-C4E4-4C65-B1DE-B5DC008714FC}
	EndGlobalSection
EndGlobal
