
Microsoft Visual Studio Solution File, Format Version 12.00
# Visual Studio Version 17
VisualStudioVersion = 17.0.31512.422
MinimumVisualStudioVersion = 10.0.40219.1
Project("{9A19103F-16F7-4668-BE54-9A1E7A4F7556}") = "Webhook.Controllers", "Webhook.Controllers\Webhook.Controllers.csproj", "{A17D178C-CF08-4071-9288-4BBD17218C09}"
EndProject
Project("{9A19103F-16F7-4668-BE54-9A1E7A4F7556}") = "Console.Advanced", "Console.Advanced\Console.Advanced.csproj", "{55EFEE22-4539-4AB0-98B3-FC2ABEC1EFA8}"
EndProject
Project("{2150E333-8FDC-42A3-9474-1A3956D46DE8}") = "Solution Items", "Solution Items", "{0F969A97-C51F-4FFF-B345-FE014000F7FB}"
	ProjectSection(SolutionItems) = preProject
		.editorconfig = .editorconfig
		.gitignore = .gitignore
		Directory.Build.props = Directory.Build.props
		README.md = README.md
	EndProjectSection
EndProject
Project("{2150E333-8FDC-42A3-9474-1A3956D46DE8}") = "AwsLambda.Webhook", "AwsLambda.Webhook", "{19365BF8-7FA8-43BF-87FB-8CC14F69234C}"
EndProject
Project("{9A19103F-16F7-4668-BE54-9A1E7A4F7556}") = "lambda-bot", "Serverless\AwsLambda.Webhook\lambda-bot\lambda-bot.csproj", "{95864093-1174-4030-9F9F-A088DFE99462}"
EndProject
Project("{9A19103F-16F7-4668-BE54-9A1E7A4F7556}") = "lambda-bot.Tests", "Serverless\AwsLambda.Webhook\lambda-bot.Tests\lambda-bot.Tests.csproj", "{1A6238FD-89F7-468A-989B-CFF665281E41}"
EndProject
Project("{6EC3EE1D-3C4E-46DD-8F32-0CC8E7565705}") = "FSharp.Example", "FSharp.Example\FSharp.Example.fsproj", "{3330367C-0860-4079-8629-F489F452E5B5}"
EndProject
Project("{2150E333-8FDC-42A3-9474-1A3956D46DE8}") = "Serverless", "Serverless", "{0247900C-74D5-4E9F-BF04-E5EE7D3F31D0}"
EndProject
Project("{9A19103F-16F7-4668-BE54-9A1E7A4F7556}") = "AzureFunctions.Webhook", "Serverless\AzureFunctions.Webhook\AzureFunctions.Webhook.csproj", "{7D6B13B5-B049-43DB-8C89-6F6EF78BC00B}"
EndProject
Project("{9A19103F-16F7-4668-BE54-9A1E7A4F7556}") = "InlineQueries", "InlineQueries\InlineQueries.csproj", "{5AB28E4E-12F5-434A-9B15-91699C544EE4}"
EndProject
Project("{9A19103F-16F7-4668-BE54-9A1E7A4F7556}") = "AzureFunctions.IsolatedProcess.Webhook", "Serverless\AzureFunctions.IsolatedProcess.Webhook\AzureFunctions.IsolatedProcess.Webhook.csproj", "{3C94708A-0391-4401-BF1D-4B5ED4C6FB0A}"
EndProject
Project("{9A19103F-16F7-4668-BE54-9A1E7A4F7556}") = "Console", "Console\Console.csproj", "{188CDE3C-E044-4109-A0E8-CF72BCC20F99}"
EndProject
Project("{9A19103F-16F7-4668-BE54-9A1E7A4F7556}") = "Webhook.MinimalAPIs", "Webhook.MinimalAPIs\Webhook.MinimalAPIs.csproj", "{5097DB8F-7056-4BD9-9B7B-4FC118F66312}"
EndProject
Global
	GlobalSection(SolutionConfigurationPlatforms) = preSolution
		Debug|Any CPU = Debug|Any CPU
		Debug|ARM = Debug|ARM
		Debug|x64 = Debug|x64
		Debug|x86 = Debug|x86
		Release|Any CPU = Release|Any CPU
		Release|ARM = Release|ARM
		Release|x64 = Release|x64
		Release|x86 = Release|x86
	EndGlobalSection
	GlobalSection(ProjectConfigurationPlatforms) = postSolution
		{A17D178C-CF08-4071-9288-4BBD17218C09}.Debug|Any CPU.ActiveCfg = Debug|Any CPU
		{A17D178C-CF08-4071-9288-4BBD17218C09}.Debug|Any CPU.Build.0 = Debug|Any CPU
		{A17D178C-CF08-4071-9288-4BBD17218C09}.Debug|ARM.ActiveCfg = Debug|Any CPU
		{A17D178C-CF08-4071-9288-4BBD17218C09}.Debug|ARM.Build.0 = Debug|Any CPU
		{A17D178C-CF08-4071-9288-4BBD17218C09}.Debug|x64.ActiveCfg = Debug|Any CPU
		{A17D178C-CF08-4071-9288-4BBD17218C09}.Debug|x64.Build.0 = Debug|Any CPU
		{A17D178C-CF08-4071-9288-4BBD17218C09}.Debug|x86.ActiveCfg = Debug|Any CPU
		{A17D178C-CF08-4071-9288-4BBD17218C09}.Debug|x86.Build.0 = Debug|Any CPU
		{A17D178C-CF08-4071-9288-4BBD17218C09}.Release|Any CPU.ActiveCfg = Release|Any CPU
		{A17D178C-CF08-4071-9288-4BBD17218C09}.Release|Any CPU.Build.0 = Release|Any CPU
		{A17D178C-CF08-4071-9288-4BBD17218C09}.Release|ARM.ActiveCfg = Release|Any CPU
		{A17D178C-CF08-4071-9288-4BBD17218C09}.Release|ARM.Build.0 = Release|Any CPU
		{A17D178C-CF08-4071-9288-4BBD17218C09}.Release|x64.ActiveCfg = Release|Any CPU
		{A17D178C-CF08-4071-9288-4BBD17218C09}.Release|x64.Build.0 = Release|Any CPU
		{A17D178C-CF08-4071-9288-4BBD17218C09}.Release|x86.ActiveCfg = Release|Any CPU
		{A17D178C-CF08-4071-9288-4BBD17218C09}.Release|x86.Build.0 = Release|Any CPU
		{55EFEE22-4539-4AB0-98B3-FC2ABEC1EFA8}.Debug|Any CPU.ActiveCfg = Debug|Any CPU
		{55EFEE22-4539-4AB0-98B3-FC2ABEC1EFA8}.Debug|Any CPU.Build.0 = Debug|Any CPU
		{55EFEE22-4539-4AB0-98B3-FC2ABEC1EFA8}.Debug|ARM.ActiveCfg = Debug|Any CPU
		{55EFEE22-4539-4AB0-98B3-FC2ABEC1EFA8}.Debug|ARM.Build.0 = Debug|Any CPU
		{55EFEE22-4539-4AB0-98B3-FC2ABEC1EFA8}.Debug|x64.ActiveCfg = Debug|Any CPU
		{55EFEE22-4539-4AB0-98B3-FC2ABEC1EFA8}.Debug|x64.Build.0 = Debug|Any CPU
		{55EFEE22-4539-4AB0-98B3-FC2ABEC1EFA8}.Debug|x86.ActiveCfg = Debug|Any CPU
		{55EFEE22-4539-4AB0-98B3-FC2ABEC1EFA8}.Debug|x86.Build.0 = Debug|Any CPU
		{55EFEE22-4539-4AB0-98B3-FC2ABEC1EFA8}.Release|Any CPU.ActiveCfg = Release|Any CPU
		{55EFEE22-4539-4AB0-98B3-FC2ABEC1EFA8}.Release|Any CPU.Build.0 = Release|Any CPU
		{55EFEE22-4539-4AB0-98B3-FC2ABEC1EFA8}.Release|ARM.ActiveCfg = Release|Any CPU
		{55EFEE22-4539-4AB0-98B3-FC2ABEC1EFA8}.Release|ARM.Build.0 = Release|Any CPU
		{55EFEE22-4539-4AB0-98B3-FC2ABEC1EFA8}.Release|x64.ActiveCfg = Release|Any CPU
		{55EFEE22-4539-4AB0-98B3-FC2ABEC1EFA8}.Release|x64.Build.0 = Release|Any CPU
		{55EFEE22-4539-4AB0-98B3-FC2ABEC1EFA8}.Release|x86.ActiveCfg = Release|Any CPU
		{55EFEE22-4539-4AB0-98B3-FC2ABEC1EFA8}.Release|x86.Build.0 = Release|Any CPU
		{95864093-1174-4030-9F9F-A088DFE99462}.Debug|Any CPU.ActiveCfg = Debug|Any CPU
		{95864093-1174-4030-9F9F-A088DFE99462}.Debug|Any CPU.Build.0 = Debug|Any CPU
		{95864093-1174-4030-9F9F-A088DFE99462}.Debug|ARM.ActiveCfg = Debug|Any CPU
		{95864093-1174-4030-9F9F-A088DFE99462}.Debug|ARM.Build.0 = Debug|Any CPU
		{95864093-1174-4030-9F9F-A088DFE99462}.Debug|x64.ActiveCfg = Debug|Any CPU
		{95864093-1174-4030-9F9F-A088DFE99462}.Debug|x64.Build.0 = Debug|Any CPU
		{95864093-1174-4030-9F9F-A088DFE99462}.Debug|x86.ActiveCfg = Debug|Any CPU
		{95864093-1174-4030-9F9F-A088DFE99462}.Debug|x86.Build.0 = Debug|Any CPU
		{95864093-1174-4030-9F9F-A088DFE99462}.Release|Any CPU.ActiveCfg = Release|Any CPU
		{95864093-1174-4030-9F9F-A088DFE99462}.Release|Any CPU.Build.0 = Release|Any CPU
		{95864093-1174-4030-9F9F-A088DFE99462}.Release|ARM.ActiveCfg = Release|Any CPU
		{95864093-1174-4030-9F9F-A088DFE99462}.Release|ARM.Build.0 = Release|Any CPU
		{95864093-1174-4030-9F9F-A088DFE99462}.Release|x64.ActiveCfg = Release|Any CPU
		{95864093-1174-4030-9F9F-A088DFE99462}.Release|x64.Build.0 = Release|Any CPU
		{95864093-1174-4030-9F9F-A088DFE99462}.Release|x86.ActiveCfg = Release|Any CPU
		{95864093-1174-4030-9F9F-A088DFE99462}.Release|x86.Build.0 = Release|Any CPU
		{1A6238FD-89F7-468A-989B-CFF665281E41}.Debug|Any CPU.ActiveCfg = Debug|Any CPU
		{1A6238FD-89F7-468A-989B-CFF665281E41}.Debug|Any CPU.Build.0 = Debug|Any CPU
		{1A6238FD-89F7-468A-989B-CFF665281E41}.Debug|ARM.ActiveCfg = Debug|Any CPU
		{1A6238FD-89F7-468A-989B-CFF665281E41}.Debug|ARM.Build.0 = Debug|Any CPU
		{1A6238FD-89F7-468A-989B-CFF665281E41}.Debug|x64.ActiveCfg = Debug|Any CPU
		{1A6238FD-89F7-468A-989B-CFF665281E41}.Debug|x64.Build.0 = Debug|Any CPU
		{1A6238FD-89F7-468A-989B-CFF665281E41}.Debug|x86.ActiveCfg = Debug|Any CPU
		{1A6238FD-89F7-468A-989B-CFF665281E41}.Debug|x86.Build.0 = Debug|Any CPU
		{1A6238FD-89F7-468A-989B-CFF665281E41}.Release|Any CPU.ActiveCfg = Release|Any CPU
		{1A6238FD-89F7-468A-989B-CFF665281E41}.Release|Any CPU.Build.0 = Release|Any CPU
		{1A6238FD-89F7-468A-989B-CFF665281E41}.Release|ARM.ActiveCfg = Release|Any CPU
		{1A6238FD-89F7-468A-989B-CFF665281E41}.Release|ARM.Build.0 = Release|Any CPU
		{1A6238FD-89F7-468A-989B-CFF665281E41}.Release|x64.ActiveCfg = Release|Any CPU
		{1A6238FD-89F7-468A-989B-CFF665281E41}.Release|x64.Build.0 = Release|Any CPU
		{1A6238FD-89F7-468A-989B-CFF665281E41}.Release|x86.ActiveCfg = Release|Any CPU
		{1A6238FD-89F7-468A-989B-CFF665281E41}.Release|x86.Build.0 = Release|Any CPU
		{3330367C-0860-4079-8629-F489F452E5B5}.Debug|Any CPU.ActiveCfg = Debug|Any CPU
		{3330367C-0860-4079-8629-F489F452E5B5}.Debug|Any CPU.Build.0 = Debug|Any CPU
		{3330367C-0860-4079-8629-F489F452E5B5}.Debug|ARM.ActiveCfg = Debug|Any CPU
		{3330367C-0860-4079-8629-F489F452E5B5}.Debug|ARM.Build.0 = Debug|Any CPU
		{3330367C-0860-4079-8629-F489F452E5B5}.Debug|x64.ActiveCfg = Debug|Any CPU
		{3330367C-0860-4079-8629-F489F452E5B5}.Debug|x64.Build.0 = Debug|Any CPU
		{3330367C-0860-4079-8629-F489F452E5B5}.Debug|x86.ActiveCfg = Debug|Any CPU
		{3330367C-0860-4079-8629-F489F452E5B5}.Debug|x86.Build.0 = Debug|Any CPU
		{3330367C-0860-4079-8629-F489F452E5B5}.Release|Any CPU.ActiveCfg = Release|Any CPU
		{3330367C-0860-4079-8629-F489F452E5B5}.Release|Any CPU.Build.0 = Release|Any CPU
		{3330367C-0860-4079-8629-F489F452E5B5}.Release|ARM.ActiveCfg = Release|Any CPU
		{3330367C-0860-4079-8629-F489F452E5B5}.Release|ARM.Build.0 = Release|Any CPU
		{3330367C-0860-4079-8629-F489F452E5B5}.Release|x64.ActiveCfg = Release|Any CPU
		{3330367C-0860-4079-8629-F489F452E5B5}.Release|x64.Build.0 = Release|Any CPU
		{3330367C-0860-4079-8629-F489F452E5B5}.Release|x86.ActiveCfg = Release|Any CPU
		{3330367C-0860-4079-8629-F489F452E5B5}.Release|x86.Build.0 = Release|Any CPU
		{7D6B13B5-B049-43DB-8C89-6F6EF78BC00B}.Debug|Any CPU.ActiveCfg = Debug|Any CPU
		{7D6B13B5-B049-43DB-8C89-6F6EF78BC00B}.Debug|Any CPU.Build.0 = Debug|Any CPU
		{7D6B13B5-B049-43DB-8C89-6F6EF78BC00B}.Debug|ARM.ActiveCfg = Debug|Any CPU
		{7D6B13B5-B049-43DB-8C89-6F6EF78BC00B}.Debug|ARM.Build.0 = Debug|Any CPU
		{7D6B13B5-B049-43DB-8C89-6F6EF78BC00B}.Debug|x64.ActiveCfg = Debug|Any CPU
		{7D6B13B5-B049-43DB-8C89-6F6EF78BC00B}.Debug|x64.Build.0 = Debug|Any CPU
		{7D6B13B5-B049-43DB-8C89-6F6EF78BC00B}.Debug|x86.ActiveCfg = Debug|Any CPU
		{7D6B13B5-B049-43DB-8C89-6F6EF78BC00B}.Debug|x86.Build.0 = Debug|Any CPU
		{7D6B13B5-B049-43DB-8C89-6F6EF78BC00B}.Release|Any CPU.ActiveCfg = Release|Any CPU
		{7D6B13B5-B049-43DB-8C89-6F6EF78BC00B}.Release|Any CPU.Build.0 = Release|Any CPU
		{7D6B13B5-B049-43DB-8C89-6F6EF78BC00B}.Release|ARM.ActiveCfg = Release|Any CPU
		{7D6B13B5-B049-43DB-8C89-6F6EF78BC00B}.Release|ARM.Build.0 = Release|Any CPU
		{7D6B13B5-B049-43DB-8C89-6F6EF78BC00B}.Release|x64.ActiveCfg = Release|Any CPU
		{7D6B13B5-B049-43DB-8C89-6F6EF78BC00B}.Release|x64.Build.0 = Release|Any CPU
		{7D6B13B5-B049-43DB-8C89-6F6EF78BC00B}.Release|x86.ActiveCfg = Release|Any CPU
		{7D6B13B5-B049-43DB-8C89-6F6EF78BC00B}.Release|x86.Build.0 = Release|Any CPU
		{5AB28E4E-12F5-434A-9B15-91699C544EE4}.Debug|Any CPU.ActiveCfg = Debug|Any CPU
		{5AB28E4E-12F5-434A-9B15-91699C544EE4}.Debug|Any CPU.Build.0 = Debug|Any CPU
		{5AB28E4E-12F5-434A-9B15-91699C544EE4}.Debug|ARM.ActiveCfg = Debug|Any CPU
		{5AB28E4E-12F5-434A-9B15-91699C544EE4}.Debug|ARM.Build.0 = Debug|Any CPU
		{5AB28E4E-12F5-434A-9B15-91699C544EE4}.Debug|x64.ActiveCfg = Debug|Any CPU
		{5AB28E4E-12F5-434A-9B15-91699C544EE4}.Debug|x64.Build.0 = Debug|Any CPU
		{5AB28E4E-12F5-434A-9B15-91699C544EE4}.Debug|x86.ActiveCfg = Debug|Any CPU
		{5AB28E4E-12F5-434A-9B15-91699C544EE4}.Debug|x86.Build.0 = Debug|Any CPU
		{5AB28E4E-12F5-434A-9B15-91699C544EE4}.Release|Any CPU.ActiveCfg = Release|Any CPU
		{5AB28E4E-12F5-434A-9B15-91699C544EE4}.Release|Any CPU.Build.0 = Release|Any CPU
		{5AB28E4E-12F5-434A-9B15-91699C544EE4}.Release|ARM.ActiveCfg = Release|Any CPU
		{5AB28E4E-12F5-434A-9B15-91699C544EE4}.Release|ARM.Build.0 = Release|Any CPU
		{5AB28E4E-12F5-434A-9B15-91699C544EE4}.Release|x64.ActiveCfg = Release|Any CPU
		{5AB28E4E-12F5-434A-9B15-91699C544EE4}.Release|x64.Build.0 = Release|Any CPU
		{5AB28E4E-12F5-434A-9B15-91699C544EE4}.Release|x86.ActiveCfg = Release|Any CPU
		{5AB28E4E-12F5-434A-9B15-91699C544EE4}.Release|x86.Build.0 = Release|Any CPU
		{3C94708A-0391-4401-BF1D-4B5ED4C6FB0A}.Debug|Any CPU.ActiveCfg = Debug|Any CPU
		{3C94708A-0391-4401-BF1D-4B5ED4C6FB0A}.Debug|Any CPU.Build.0 = Debug|Any CPU
		{3C94708A-0391-4401-BF1D-4B5ED4C6FB0A}.Debug|ARM.ActiveCfg = Debug|Any CPU
		{3C94708A-0391-4401-BF1D-4B5ED4C6FB0A}.Debug|ARM.Build.0 = Debug|Any CPU
		{3C94708A-0391-4401-BF1D-4B5ED4C6FB0A}.Debug|x64.ActiveCfg = Debug|Any CPU
		{3C94708A-0391-4401-BF1D-4B5ED4C6FB0A}.Debug|x64.Build.0 = Debug|Any CPU
		{3C94708A-0391-4401-BF1D-4B5ED4C6FB0A}.Debug|x86.ActiveCfg = Debug|Any CPU
		{3C94708A-0391-4401-BF1D-4B5ED4C6FB0A}.Debug|x86.Build.0 = Debug|Any CPU
		{3C94708A-0391-4401-BF1D-4B5ED4C6FB0A}.Release|Any CPU.ActiveCfg = Release|Any CPU
		{3C94708A-0391-4401-BF1D-4B5ED4C6FB0A}.Release|Any CPU.Build.0 = Release|Any CPU
		{3C94708A-0391-4401-BF1D-4B5ED4C6FB0A}.Release|ARM.ActiveCfg = Release|Any CPU
		{3C94708A-0391-4401-BF1D-4B5ED4C6FB0A}.Release|ARM.Build.0 = Release|Any CPU
		{3C94708A-0391-4401-BF1D-4B5ED4C6FB0A}.Release|x64.ActiveCfg = Release|Any CPU
		{3C94708A-0391-4401-BF1D-4B5ED4C6FB0A}.Release|x64.Build.0 = Release|Any CPU
		{3C94708A-0391-4401-BF1D-4B5ED4C6FB0A}.Release|x86.ActiveCfg = Release|Any CPU
		{3C94708A-0391-4401-BF1D-4B5ED4C6FB0A}.Release|x86.Build.0 = Release|Any CPU
		{188CDE3C-E044-4109-A0E8-CF72BCC20F99}.Debug|Any CPU.ActiveCfg = Debug|Any CPU
		{188CDE3C-E044-4109-A0E8-CF72BCC20F99}.Debug|Any CPU.Build.0 = Debug|Any CPU
		{188CDE3C-E044-4109-A0E8-CF72BCC20F99}.Debug|ARM.ActiveCfg = Debug|Any CPU
		{188CDE3C-E044-4109-A0E8-CF72BCC20F99}.Debug|ARM.Build.0 = Debug|Any CPU
		{188CDE3C-E044-4109-A0E8-CF72BCC20F99}.Debug|x64.ActiveCfg = Debug|Any CPU
		{188CDE3C-E044-4109-A0E8-CF72BCC20F99}.Debug|x64.Build.0 = Debug|Any CPU
		{188CDE3C-E044-4109-A0E8-CF72BCC20F99}.Debug|x86.ActiveCfg = Debug|Any CPU
		{188CDE3C-E044-4109-A0E8-CF72BCC20F99}.Debug|x86.Build.0 = Debug|Any CPU
		{188CDE3C-E044-4109-A0E8-CF72BCC20F99}.Release|Any CPU.ActiveCfg = Release|Any CPU
		{188CDE3C-E044-4109-A0E8-CF72BCC20F99}.Release|Any CPU.Build.0 = Release|Any CPU
		{188CDE3C-E044-4109-A0E8-CF72BCC20F99}.Release|ARM.ActiveCfg = Release|Any CPU
		{188CDE3C-E044-4109-A0E8-CF72BCC20F99}.Release|ARM.Build.0 = Release|Any CPU
		{188CDE3C-E044-4109-A0E8-CF72BCC20F99}.Release|x64.ActiveCfg = Release|Any CPU
		{188CDE3C-E044-4109-A0E8-CF72BCC20F99}.Release|x64.Build.0 = Release|Any CPU
		{188CDE3C-E044-4109-A0E8-CF72BCC20F99}.Release|x86.ActiveCfg = Release|Any CPU
		{188CDE3C-E044-4109-A0E8-CF72BCC20F99}.Release|x86.Build.0 = Release|Any CPU
		{5097DB8F-7056-4BD9-9B7B-4FC118F66312}.Debug|Any CPU.ActiveCfg = Debug|Any CPU
		{5097DB8F-7056-4BD9-9B7B-4FC118F66312}.Debug|Any CPU.Build.0 = Debug|Any CPU
		{5097DB8F-7056-4BD9-9B7B-4FC118F66312}.Debug|ARM.ActiveCfg = Debug|Any CPU
		{5097DB8F-7056-4BD9-9B7B-4FC118F66312}.Debug|ARM.Build.0 = Debug|Any CPU
		{5097DB8F-7056-4BD9-9B7B-4FC118F66312}.Debug|x64.ActiveCfg = Debug|Any CPU
		{5097DB8F-7056-4BD9-9B7B-4FC118F66312}.Debug|x64.Build.0 = Debug|Any CPU
		{5097DB8F-7056-4BD9-9B7B-4FC118F66312}.Debug|x86.ActiveCfg = Debug|Any CPU
		{5097DB8F-7056-4BD9-9B7B-4FC118F66312}.Debug|x86.Build.0 = Debug|Any CPU
		{5097DB8F-7056-4BD9-9B7B-4FC118F66312}.Release|Any CPU.ActiveCfg = Release|Any CPU
		{5097DB8F-7056-4BD9-9B7B-4FC118F66312}.Release|Any CPU.Build.0 = Release|Any CPU
		{5097DB8F-7056-4BD9-9B7B-4FC118F66312}.Release|ARM.ActiveCfg = Release|Any CPU
		{5097DB8F-7056-4BD9-9B7B-4FC118F66312}.Release|ARM.Build.0 = Release|Any CPU
		{5097DB8F-7056-4BD9-9B7B-4FC118F66312}.Release|x64.ActiveCfg = Release|Any CPU
		{5097DB8F-7056-4BD9-9B7B-4FC118F66312}.Release|x64.Build.0 = Release|Any CPU
		{5097DB8F-7056-4BD9-9B7B-4FC118F66312}.Release|x86.ActiveCfg = Release|Any CPU
		{5097DB8F-7056-4BD9-9B7B-4FC118F66312}.Release|x86.Build.0 = Release|Any CPU
	EndGlobalSection
	GlobalSection(SolutionProperties) = preSolution
		HideSolutionNode = FALSE
	EndGlobalSection
	GlobalSection(NestedProjects) = preSolution
		{19365BF8-7FA8-43BF-87FB-8CC14F69234C} = {0247900C-74D5-4E9F-BF04-E5EE7D3F31D0}
		{95864093-1174-4030-9F9F-A088DFE99462} = {19365BF8-7FA8-43BF-87FB-8CC14F69234C}
		{1A6238FD-89F7-468A-989B-CFF665281E41} = {19365BF8-7FA8-43BF-87FB-8CC14F69234C}
		{7D6B13B5-B049-43DB-8C89-6F6EF78BC00B} = {0247900C-74D5-4E9F-BF04-E5EE7D3F31D0}
		{3C94708A-0391-4401-BF1D-4B5ED4C6FB0A} = {0247900C-74D5-4E9F-BF04-E5EE7D3F31D0}
	EndGlobalSection
	GlobalSection(ExtensibilityGlobals) = postSolution
		SolutionGuid = {46479B38-C4E4-4C65-B1DE-B5DC008714FC}
	EndGlobalSection
EndGlobal
